{
  "name": "whileed",
  "version": "1.0.0",
  "lockfileVersion": 1,
  "requires": true,
  "dependencies": {
    "golden-layout": {
      "version": "1.5.9",
      "resolved": "https://registry.npmjs.org/golden-layout/-/golden-layout-1.5.9.tgz",
      "integrity": "sha1-o5vB9qZ+b4hreXwBbdkk6UJrp38=",
      "requires": {
        "jquery": "*"
      }
    },
    "jquery": {
      "version": "3.4.0",
      "resolved": "https://registry.npmjs.org/jquery/-/jquery-3.4.0.tgz",
      "integrity": "sha512-ggRCXln9zEqv6OqAGXFEcshF5dSBvCkzj6Gm2gzuR5fWawaX8t7cxKVkkygKODrDAzKdoYw3l/e3pm3vlT4IbQ=="
    },
    "monaco-editor": {
      "version": "0.16.2",
      "resolved": "https://registry.npmjs.org/monaco-editor/-/monaco-editor-0.16.2.tgz",
      "integrity": "sha512-NtGrFzf54jADe7qsWh3lazhS7Kj0XHkJUGBq9fA/Jbwc+sgVcyfsYF6z2AQ7hPqDC+JmdOt/OwFjBnRwqXtx6w=="
    }
  }
}
